
Microsoft Visual Studio Solution File, Format Version 12.00
# Visual Studio Version 17
VisualStudioVersion = 17.8.34511.84
MinimumVisualStudioVersion = 10.0.40219.1
Project("{FAE04EC0-301F-11D3-BF4B-00C04F79EFBC}") = "QuizGame", "QuizGame\QuizGame.csproj", "{362824A5-916E-42E7-9664-ADB9034A7124}"
EndProject
Project("{2150E333-8FDC-42A3-9474-1A3956D46DE8}") = "Quiz.BAL", "Quiz.BAL", "{685D3DD4-990D-44D2-AFA6-A69E9A88B114}"
EndProject
Project("{2150E333-8FDC-42A3-9474-1A3956D46DE8}") = "Quiz.DAL", "Quiz.DAL", "{7D623C76-95C6-47C1-BDF5-56E3D0A579F5}"
EndProject
Project("{2150E333-8FDC-42A3-9474-1A3956D46DE8}") = "QuizViewModel", "QuizViewModel", "{2F1AF531-4802-4C56-8E14-F8BFAE7F1D5B}"
EndProject
Project("{2150E333-8FDC-42A3-9474-1A3956D46DE8}") = "Quiz.Core", "Quiz.Core", "{6419B9B6-649E-4BAB-B68C-4CEC67B48315}"
EndProject
Project("{2150E333-8FDC-42A3-9474-1A3956D46DE8}") = "Quiz.ConfigurationManager", "Quiz.ConfigurationManager", "{B8A4AF7C-1F77-4E9B-9550-A352D46EA44E}"
EndProject
Project("{2150E333-8FDC-42A3-9474-1A3956D46DE8}") = "QuizWebAPI", "QuizWebAPI", "{26CEF598-8947-44CA-84C4-915133028886}"
EndProject
Project("{FAE04EC0-301F-11D3-BF4B-00C04F79EFBC}") = "Quiz.BAL", "Quiz.BAL\Quiz.BAL.csproj", "{EF751584-BA9E-49F1-9339-96DE666928C2}"
EndProject
Project("{FAE04EC0-301F-11D3-BF4B-00C04F79EFBC}") = "Quiz.ConfigurationManager", "Quiz.ConfigurationManager\Quiz.ConfigurationManager.csproj", "{0FF8AA47-832F-4FB8-A2FE-42C3AA9B9CD4}"
EndProject
Project("{FAE04EC0-301F-11D3-BF4B-00C04F79EFBC}") = "Quiz.Core", "Quiz.Core\Quiz.Core.csproj", "{871391AA-CE39-46A5-BDCA-56A4C817B6D5}"
EndProject
Project("{FAE04EC0-301F-11D3-BF4B-00C04F79EFBC}") = "Quiz.DAL", "Quiz.DAL\Quiz.DAL.csproj", "{29BC2937-4D4B-4123-842F-0E2DCDBD5DAB}"
EndProject
Project("{FAE04EC0-301F-11D3-BF4B-00C04F79EFBC}") = "QuizViewModel", "QuizViewModel\QuizViewModel.csproj", "{09D40530-FAEC-4CC3-A732-B8041AA631B3}"
EndProject
Project("{FAE04EC0-301F-11D3-BF4B-00C04F79EFBC}") = "WebAPI", "WebAPI\WebAPI.csproj", "{B41EFBE6-403C-4E80-91D8-B7E8F52B1CBF}"
EndProject
Project("{2150E333-8FDC-42A3-9474-1A3956D46DE8}") = "QuizWebAPIModel", "QuizWebAPIModel", "{7D7B18C0-62F2-4973-A290-DB540AF8B0B6}"
EndProject
Project("{FAE04EC0-301F-11D3-BF4B-00C04F79EFBC}") = "QuizWebAPIModel", "WebAPIModel\QuizWebAPIModel.csproj", "{3B8E4851-F35D-4C91-B9FC-FCBBF443E68D}"
EndProject
Global
	GlobalSection(SolutionConfigurationPlatforms) = preSolution
		Debug|Any CPU = Debug|Any CPU
		Release|Any CPU = Release|Any CPU
	EndGlobalSection
	GlobalSection(ProjectConfigurationPlatforms) = postSolution
		{362824A5-916E-42E7-9664-ADB9034A7124}.Debug|Any CPU.ActiveCfg = Debug|Any CPU
		{362824A5-916E-42E7-9664-ADB9034A7124}.Debug|Any CPU.Build.0 = Debug|Any CPU
		{362824A5-916E-42E7-9664-ADB9034A7124}.Release|Any CPU.ActiveCfg = Release|Any CPU
		{362824A5-916E-42E7-9664-ADB9034A7124}.Release|Any CPU.Build.0 = Release|Any CPU
		{EF751584-BA9E-49F1-9339-96DE666928C2}.Debug|Any CPU.ActiveCfg = Debug|Any CPU
		{EF751584-BA9E-49F1-9339-96DE666928C2}.Debug|Any CPU.Build.0 = Debug|Any CPU
		{EF751584-BA9E-49F1-9339-96DE666928C2}.Release|Any CPU.ActiveCfg = Release|Any CPU
		{EF751584-BA9E-49F1-9339-96DE666928C2}.Release|Any CPU.Build.0 = Release|Any CPU
		{0FF8AA47-832F-4FB8-A2FE-42C3AA9B9CD4}.Debug|Any CPU.ActiveCfg = Debug|Any CPU
		{0FF8AA47-832F-4FB8-A2FE-42C3AA9B9CD4}.Debug|Any CPU.Build.0 = Debug|Any CPU
		{0FF8AA47-832F-4FB8-A2FE-42C3AA9B9CD4}.Release|Any CPU.ActiveCfg = Release|Any CPU
		{0FF8AA47-832F-4FB8-A2FE-42C3AA9B9CD4}.Release|Any CPU.Build.0 = Release|Any CPU
		{871391AA-CE39-46A5-BDCA-56A4C817B6D5}.Debug|Any CPU.ActiveCfg = Debug|Any CPU
		{871391AA-CE39-46A5-BDCA-56A4C817B6D5}.Debug|Any CPU.Build.0 = Debug|Any CPU
		{871391AA-CE39-46A5-BDCA-56A4C817B6D5}.Release|Any CPU.ActiveCfg = Release|Any CPU
		{871391AA-CE39-46A5-BDCA-56A4C817B6D5}.Release|Any CPU.Build.0 = Release|Any CPU
		{29BC2937-4D4B-4123-842F-0E2DCDBD5DAB}.Debug|Any CPU.ActiveCfg = Debug|Any CPU
		{29BC2937-4D4B-4123-842F-0E2DCDBD5DAB}.Debug|Any CPU.Build.0 = Debug|Any CPU
		{29BC2937-4D4B-4123-842F-0E2DCDBD5DAB}.Release|Any CPU.ActiveCfg = Release|Any CPU
		{29BC2937-4D4B-4123-842F-0E2DCDBD5DAB}.Release|Any CPU.Build.0 = Release|Any CPU
		{09D40530-FAEC-4CC3-A732-B8041AA631B3}.Debug|Any CPU.ActiveCfg = Debug|Any CPU
		{09D40530-FAEC-4CC3-A732-B8041AA631B3}.Debug|Any CPU.Build.0 = Debug|Any CPU
		{09D40530-FAEC-4CC3-A732-B8041AA631B3}.Release|Any CPU.ActiveCfg = Release|Any CPU
		{09D40530-FAEC-4CC3-A732-B8041AA631B3}.Release|Any CPU.Build.0 = Release|Any CPU
		{B41EFBE6-403C-4E80-91D8-B7E8F52B1CBF}.Debug|Any CPU.ActiveCfg = Debug|Any CPU
		{B41EFBE6-403C-4E80-91D8-B7E8F52B1CBF}.Debug|Any CPU.Build.0 = Debug|Any CPU
		{B41EFBE6-403C-4E80-91D8-B7E8F52B1CBF}.Release|Any CPU.ActiveCfg = Release|Any CPU
		{B41EFBE6-403C-4E80-91D8-B7E8F52B1CBF}.Release|Any CPU.Build.0 = Release|Any CPU
		{3B8E4851-F35D-4C91-B9FC-FCBBF443E68D}.Debug|Any CPU.ActiveCfg = Debug|Any CPU
		{3B8E4851-F35D-4C91-B9FC-FCBBF443E68D}.Debug|Any CPU.Build.0 = Debug|Any CPU
		{3B8E4851-F35D-4C91-B9FC-FCBBF443E68D}.Release|Any CPU.ActiveCfg = Release|Any CPU
		{3B8E4851-F35D-4C91-B9FC-FCBBF443E68D}.Release|Any CPU.Build.0 = Release|Any CPU
	EndGlobalSection
	GlobalSection(SolutionProperties) = preSolution
		HideSolutionNode = FALSE
	EndGlobalSection
	GlobalSection(NestedProjects) = preSolution
		{EF751584-BA9E-49F1-9339-96DE666928C2} = {685D3DD4-990D-44D2-AFA6-A69E9A88B114}
		{0FF8AA47-832F-4FB8-A2FE-42C3AA9B9CD4} = {B8A4AF7C-1F77-4E9B-9550-A352D46EA44E}
		{871391AA-CE39-46A5-BDCA-56A4C817B6D5} = {6419B9B6-649E-4BAB-B68C-4CEC67B48315}
		{29BC2937-4D4B-4123-842F-0E2DCDBD5DAB} = {7D623C76-95C6-47C1-BDF5-56E3D0A579F5}
		{09D40530-FAEC-4CC3-A732-B8041AA631B3} = {2F1AF531-4802-4C56-8E14-F8BFAE7F1D5B}
		{B41EFBE6-403C-4E80-91D8-B7E8F52B1CBF} = {26CEF598-8947-44CA-84C4-915133028886}
		{3B8E4851-F35D-4C91-B9FC-FCBBF443E68D} = {7D7B18C0-62F2-4973-A290-DB540AF8B0B6}
	EndGlobalSection
	GlobalSection(ExtensibilityGlobals) = postSolution
		SolutionGuid = {35DA3A3A-B792-46C0-A5D3-7CF9AB83955E}
	EndGlobalSection
EndGlobal
